<?xml version="1.0" encoding="UTF-8" standalone="yes" ?>
<CodeBlocks_project_file>
	<FileVersion major="1" minor="6" />
	<Project>
		<Option title="tagEventor" />
		<Option pch_mode="2" />
		<Option compiler="gcc" />
		<Build>
			<Target title="Debug">
				<Option output="bin/Debug/tagEventor" prefix_auto="1" extension_auto="1" />
				<Option object_output="obj/Debug/" />
				<Option type="0" />
				<Option compiler="gcc" />
				<Option parameters="-d tray" />
				<Compiler>
					<Add option="-g" />
					<Add option="-DDEBUG" />
				</Compiler>
				<Linker>
					<Add library="/home/andrew/tageventor/trunk/lib/Debug/libtagReader.a" />
				</Linker>
			</Target>
			<Target title="Release">
				<Option output="bin/Release/tagEventor" prefix_auto="1" extension_auto="1" />
				<Option object_output="obj/Release/" />
				<Option type="0" />
				<Option compiler="gcc" />
				<Option parameters="-d tray" />
				<Compiler>
					<Add option="-O2" />
				</Compiler>
				<Linker>
					<Add option="-s" />
					<Add library="/home/andrew/tageventor/trunk/lib/Release/libtagReader.a" />
				</Linker>
			</Target>
			<Target title="libtagReader">
				<Option output="lib/Release/libtagReader" prefix_auto="1" extension_auto="1" />
				<Option working_dir="" />
				<Option type="2" />
				<Option compiler="gcc" />
				<Option createDefFile="1" />
			</Target>
		</Build>
		<Compiler>
			<Add option="-Wall" />
			<Add option="`pkg-config gtk+-2.0 --cflags`" />
			<Add option="-DBUILD_SYSTEM_TRAY" />
			<Add option="-DBUILD_CONTROL_PANEL" />
			<Add option="-DBUILD_ABOUT_DIALOG" />
			<Add option="-DBUILD_CONTROL_PANEL_HELP" />
			<Add option="-DBUILD_SETTINGS_DIALOG" />
			<Add directory="/home/andrew/tageventor/trunk" />
			<Add directory="/usr/include/PCSC" />
		</Compiler>
		<Linker>
			<Add option="`pkg-config gtk+-2.0 --libs`" />
			<Add library="libpcsclite.a" />
			<Add directory="/home/andrew/tageventor/trunk" />
		</Linker>
		<Unit filename="aboutDialog.c">
			<Option compilerVar="CC" />
			<Option target="Debug" />
			<Option target="Release" />
		</Unit>
		<Unit filename="aboutDialog.h">
			<Option target="Debug" />
			<Option target="Release" />
		</Unit>
		<Unit filename="controlPanel.c">
			<Option compilerVar="CC" />
			<Option target="Debug" />
			<Option target="Release" />
		</Unit>
		<Unit filename="controlPanel.h">
			<Option target="Debug" />
			<Option target="Release" />
		</Unit>
		<Unit filename="controlPanelHelp.c">
			<Option compilerVar="CC" />
			<Option target="Debug" />
			<Option target="Release" />
		</Unit>
		<Unit filename="controlPanelHelp.h">
			<Option target="Debug" />
			<Option target="Release" />
		</Unit>
		<Unit filename="settingsDialog.c">
			<Option compilerVar="CC" />
			<Option target="Debug" />
			<Option target="Release" />
		</Unit>
		<Unit filename="settingsDialog.h">
			<Option target="Debug" />
			<Option target="Release" />
		</Unit>
		<Unit filename="systemTray.c">
			<Option compilerVar="CC" />
			<Option target="Debug" />
			<Option target="Release" />
		</Unit>
		<Unit filename="systemTray.h">
			<Option target="Debug" />
			<Option target="Release" />
		</Unit>
		<Unit filename="tagEventor.c">
			<Option compilerVar="CC" />
			<Option target="Debug" />
			<Option target="Release" />
		</Unit>
		<Unit filename="tagEventor.h">
			<Option target="Debug" />
			<Option target="Release" />
		</Unit>
		<Unit filename="tagReader.c">
			<Option compilerVar="CC" />
			<Option target="libtagReader" />
		</Unit>
		<Unit filename="tagReader.h">
			<Option target="libtagReader" />
		</Unit>
		<Extensions>
			<code_completion />
			<debugger />
		</Extensions>
	</Project>
</CodeBlocks_project_file>
