// !$*UTF8*$!
{
	archiveVersion = 1;
	classes = {
	};
	objectVersion = 39;
	objects = {
		014CEA520018CE5811CA2923 = {
			buildSettings = {
				COPY_PHASE_STRIP = NO;
				GCC_CW_ASM_SYNTAX = NO;
				GCC_DYNAMIC_NO_PIC = NO;
				GCC_ENABLE_FIX_AND_CONTINUE = YES;
				GCC_ENABLE_PASCAL_STRINGS = NO;
				GCC_GENERATE_DEBUGGING_SYMBOLS = YES;
				GCC_OPTIMIZATION_LEVEL = 0;
				GCC_WARN_UNUSED_FUNCTION = YES;
				GCC_WARN_UNUSED_VALUE = YES;
				GCC_WARN_UNUSED_VARIABLE = YES;
				OBJROOT = obj/Debug;
				SYMROOT = bin/Debug;
				ZERO_LINK = YES;
			};
			isa = PBXBuildStyle;
			name = Development;
		};
		014CEA530018CE5811CA2923 = {
			buildSettings = {
				COPY_PHASE_STRIP = YES;
				GCC_ENABLE_FIX_AND_CONTINUE = NO;
				OBJROOT = obj/Release;
				SYMROOT = bin/Release;
				ZERO_LINK = NO;
			};
			isa = PBXBuildStyle;
			name = Deployment;
		};
//010
//011
//012
//013
//014
//080
//081
//082
//083
//084
		08FB7793FE84155DC02AAC07 = {
			buildSettings = {
			};
			buildStyles = (
				014CEA520018CE5811CA2923,
				014CEA530018CE5811CA2923,
			);
			hasScannedForEncodings = 1;
			isa = PBXProject;
			mainGroup = 08FB7794FE84155DC02AAC07;
			projectDirPath = "";
			targets = (
				8DD76FA90486AB0100D96B5E,
			);
		};
		08FB7794FE84155DC02AAC07 = {
			children = (
				49A69844107015F000EDD796,
				08FB7795FE84155DC02AAC07,
				C6A0FF2B0290797F04C91782,
				1AB674ADFE9D54B511CA2CBB,
			);
			isa = PBXGroup;
			name = tagEventor;
			refType = 4;
			sourceTree = "<group>";
		};
		08FB7795FE84155DC02AAC07 = {
			children = (
				49B7DC44106FF8940055D634,
				49B7DC45106FF8940055D634,
				49B7DC46106FF8940055D634,
				49B7DC47106FF8940055D634,
				49B7DC48106FF8940055D634,
				49B7DC49106FF8940055D634,
				49B7DC4A106FF8940055D634,
				49B7DC4B106FF8940055D634,
				49B7DC4C106FF8940055D634,
				49B7DC4D106FF8940055D634,
				49B7DC4E106FF8940055D634,
				49B7DC4F106FF8940055D634,
			);
			isa = PBXGroup;
			name = Source;
			refType = 4;
			sourceTree = "<group>";
		};
//080
//081
//082
//083
//084
//1A0
//1A1
//1A2
//1A3
//1A4
		1AB674ADFE9D54B511CA2CBB = {
			children = (
				8DD76FB20486AB0100D96B5E,
			);
			isa = PBXGroup;
			name = Products;
			refType = 4;
			sourceTree = "<group>";
		};
//1A0
//1A1
//1A2
//1A3
//1A4
//490
//491
//492
//493
//494
		49A69844107015F000EDD796 = {
			isa = PBXFileReference;
			lastKnownFileType = wrapper.framework;
			name = PCSC.framework;
			path = /System/Library/Frameworks/PCSC.framework;
			refType = 0;
			sourceTree = "<absolute>";
		};
		49A69845107015F000EDD796 = {
			fileRef = 49A69844107015F000EDD796;
			isa = PBXBuildFile;
			settings = {
			};
		};
		49B7DC44106FF8940055D634 = {
			fileEncoding = 30;
			isa = PBXFileReference;
			lastKnownFileType = sourcecode.c.c;
			path = aboutDialog.c;
			refType = 4;
			sourceTree = "<group>";
		};
		49B7DC45106FF8940055D634 = {
			fileEncoding = 30;
			isa = PBXFileReference;
			lastKnownFileType = sourcecode.c.h;
			path = aboutDialog.h;
			refType = 4;
			sourceTree = "<group>";
		};
		49B7DC46106FF8940055D634 = {
			fileEncoding = 30;
			isa = PBXFileReference;
			lastKnownFileType = sourcecode.c.c;
			path = controlPanel.c;
			refType = 4;
			sourceTree = "<group>";
		};
		49B7DC47106FF8940055D634 = {
			fileEncoding = 30;
			isa = PBXFileReference;
			lastKnownFileType = sourcecode.c.h;
			path = controlPanel.h;
			refType = 4;
			sourceTree = "<group>";
		};
		49B7DC48106FF8940055D634 = {
			fileEncoding = 30;
			isa = PBXFileReference;
			lastKnownFileType = sourcecode.c.c;
			path = controlPanelHelp.c;
			refType = 4;
			sourceTree = "<group>";
		};
		49B7DC49106FF8940055D634 = {
			fileEncoding = 30;
			isa = PBXFileReference;
			lastKnownFileType = sourcecode.c.h;
			path = controlPanelHelp.h;
			refType = 4;
			sourceTree = "<group>";
		};
		49B7DC4A106FF8940055D634 = {
			fileEncoding = 30;
			isa = PBXFileReference;
			lastKnownFileType = sourcecode.c.c;
			path = systemTray.c;
			refType = 4;
			sourceTree = "<group>";
		};
		49B7DC4B106FF8940055D634 = {
			fileEncoding = 30;
			isa = PBXFileReference;
			lastKnownFileType = sourcecode.c.h;
			path = systemTray.h;
			refType = 4;
			sourceTree = "<group>";
		};
		49B7DC4C106FF8940055D634 = {
			fileEncoding = 30;
			isa = PBXFileReference;
			lastKnownFileType = sourcecode.c.c;
			path = tagEventor.c;
			refType = 4;
			sourceTree = "<group>";
		};
		49B7DC4D106FF8940055D634 = {
			fileEncoding = 30;
			isa = PBXFileReference;
			lastKnownFileType = sourcecode.c.h;
			path = tagEventor.h;
			refType = 4;
			sourceTree = "<group>";
		};
		49B7DC4E106FF8940055D634 = {
			fileEncoding = 30;
			isa = PBXFileReference;
			lastKnownFileType = sourcecode.c.c;
			path = tagReader.c;
			refType = 4;
			sourceTree = "<group>";
		};
		49B7DC4F106FF8940055D634 = {
			fileEncoding = 30;
			isa = PBXFileReference;
			lastKnownFileType = sourcecode.c.h;
			path = tagReader.h;
			refType = 4;
			sourceTree = "<group>";
		};
		49B7DC50106FF8940055D634 = {
			fileRef = 49B7DC44106FF8940055D634;
			isa = PBXBuildFile;
			settings = {
			};
		};
		49B7DC51106FF8940055D634 = {
			fileRef = 49B7DC45106FF8940055D634;
			isa = PBXBuildFile;
			settings = {
			};
		};
		49B7DC52106FF8940055D634 = {
			fileRef = 49B7DC46106FF8940055D634;
			isa = PBXBuildFile;
			settings = {
			};
		};
		49B7DC53106FF8940055D634 = {
			fileRef = 49B7DC47106FF8940055D634;
			isa = PBXBuildFile;
			settings = {
			};
		};
		49B7DC54106FF8940055D634 = {
			fileRef = 49B7DC48106FF8940055D634;
			isa = PBXBuildFile;
			settings = {
			};
		};
		49B7DC55106FF8940055D634 = {
			fileRef = 49B7DC49106FF8940055D634;
			isa = PBXBuildFile;
			settings = {
			};
		};
		49B7DC56106FF8940055D634 = {
			fileRef = 49B7DC4A106FF8940055D634;
			isa = PBXBuildFile;
			settings = {
			};
		};
		49B7DC57106FF8940055D634 = {
			fileRef = 49B7DC4B106FF8940055D634;
			isa = PBXBuildFile;
			settings = {
			};
		};
		49B7DC58106FF8940055D634 = {
			fileRef = 49B7DC4C106FF8940055D634;
			isa = PBXBuildFile;
			settings = {
			};
		};
		49B7DC59106FF8940055D634 = {
			fileRef = 49B7DC4D106FF8940055D634;
			isa = PBXBuildFile;
			settings = {
			};
		};
		49B7DC5A106FF8940055D634 = {
			fileRef = 49B7DC4E106FF8940055D634;
			isa = PBXBuildFile;
			settings = {
			};
		};
		49B7DC5B106FF8940055D634 = {
			fileRef = 49B7DC4F106FF8940055D634;
			isa = PBXBuildFile;
			settings = {
			};
		};
//490
//491
//492
//493
//494
//8D0
//8D1
//8D2
//8D3
//8D4
		8DD76FA90486AB0100D96B5E = {
			buildPhases = (
				8DD76FAB0486AB0100D96B5E,
				8DD76FAD0486AB0100D96B5E,
				8DD76FAF0486AB0100D96B5E,
			);
			buildRules = (
			);
			buildSettings = {
				GCC_GENERATE_DEBUGGING_SYMBOLS = NO;
				GCC_MODEL_TUNING = G5;
				GCC_WARN_ABOUT_RETURN_TYPE = YES;
				GCC_WARN_UNUSED_VARIABLE = YES;
				INSTALL_PATH = "$(HOME)/bin";
				PREBINDING = NO;
				PRODUCT_NAME = tagEventor;
			};
			dependencies = (
			);
			isa = PBXNativeTarget;
			name = tagEventor;
			productInstallPath = "$(HOME)/bin";
			productName = tagEventor;
			productReference = 8DD76FB20486AB0100D96B5E;
			productType = "com.apple.product-type.tool";
		};
		8DD76FAB0486AB0100D96B5E = {
			buildActionMask = 2147483647;
			files = (
				49B7DC50106FF8940055D634,
				49B7DC52106FF8940055D634,
				49B7DC54106FF8940055D634,
				49B7DC56106FF8940055D634,
				49B7DC58106FF8940055D634,
				49B7DC5A106FF8940055D634,
			);
			isa = PBXSourcesBuildPhase;
			runOnlyForDeploymentPostprocessing = 0;
		};
		8DD76FAD0486AB0100D96B5E = {
			buildActionMask = 2147483647;
			files = (
				49A69845107015F000EDD796,
			);
			isa = PBXFrameworksBuildPhase;
			runOnlyForDeploymentPostprocessing = 0;
		};
		8DD76FAF0486AB0100D96B5E = {
			buildActionMask = 8;
			dstPath = /usr/share/man/man1/;
			dstSubfolderSpec = 0;
			files = (
				8DD76FB00486AB0100D96B5E,
				49B7DC51106FF8940055D634,
				49B7DC53106FF8940055D634,
				49B7DC55106FF8940055D634,
				49B7DC57106FF8940055D634,
				49B7DC59106FF8940055D634,
				49B7DC5B106FF8940055D634,
			);
			isa = PBXCopyFilesBuildPhase;
			runOnlyForDeploymentPostprocessing = 1;
		};
		8DD76FB00486AB0100D96B5E = {
			fileRef = C6A0FF2C0290799A04C91782;
			isa = PBXBuildFile;
			settings = {
			};
		};
		8DD76FB20486AB0100D96B5E = {
			explicitFileType = "compiled.mach-o.executable";
			includeInIndex = 0;
			isa = PBXFileReference;
			path = tagEventor;
			refType = 3;
			sourceTree = BUILT_PRODUCTS_DIR;
		};
//8D0
//8D1
//8D2
//8D3
//8D4
//C60
//C61
//C62
//C63
//C64
		C6A0FF2B0290797F04C91782 = {
			children = (
				C6A0FF2C0290799A04C91782,
			);
			isa = PBXGroup;
			name = Documentation;
			refType = 4;
			sourceTree = "<group>";
		};
		C6A0FF2C0290799A04C91782 = {
			isa = PBXFileReference;
			lastKnownFileType = text.man;
			path = tagEventor.1;
			refType = 4;
			sourceTree = "<group>";
		};
	};
	rootObject = 08FB7793FE84155DC02AAC07;
}
