// !$*UTF8*$!
{
	archiveVersion = 1;
	classes = {
	};
	objectVersion = 42;
	objects = {

/* Begin PBXBuildFile section */
		49A69845107015F000EDD796 /* PCSC.framework in Frameworks */ = {isa = PBXBuildFile; fileRef = 49A69844107015F000EDD796 /* PCSC.framework */; };
		49B7DC50106FF8940055D634 /* aboutDialog.c in Sources */ = {isa = PBXBuildFile; fileRef = 49B7DC44106FF8940055D634 /* aboutDialog.c */; };
		49B7DC51106FF8940055D634 /* aboutDialog.h in CopyFiles */ = {isa = PBXBuildFile; fileRef = 49B7DC45106FF8940055D634 /* aboutDialog.h */; };
		49B7DC52106FF8940055D634 /* controlPanel.c in Sources */ = {isa = PBXBuildFile; fileRef = 49B7DC46106FF8940055D634 /* controlPanel.c */; };
		49B7DC53106FF8940055D634 /* controlPanel.h in CopyFiles */ = {isa = PBXBuildFile; fileRef = 49B7DC47106FF8940055D634 /* controlPanel.h */; };
		49B7DC54106FF8940055D634 /* controlPanelHelp.c in Sources */ = {isa = PBXBuildFile; fileRef = 49B7DC48106FF8940055D634 /* controlPanelHelp.c */; };
		49B7DC55106FF8940055D634 /* controlPanelHelp.h in CopyFiles */ = {isa = PBXBuildFile; fileRef = 49B7DC49106FF8940055D634 /* controlPanelHelp.h */; };
		49B7DC56106FF8940055D634 /* systemTray.c in Sources */ = {isa = PBXBuildFile; fileRef = 49B7DC4A106FF8940055D634 /* systemTray.c */; };
		49B7DC57106FF8940055D634 /* systemTray.h in CopyFiles */ = {isa = PBXBuildFile; fileRef = 49B7DC4B106FF8940055D634 /* systemTray.h */; };
		49B7DC58106FF8940055D634 /* tagEventor.c in Sources */ = {isa = PBXBuildFile; fileRef = 49B7DC4C106FF8940055D634 /* tagEventor.c */; };
		49B7DC59106FF8940055D634 /* tagEventor.h in CopyFiles */ = {isa = PBXBuildFile; fileRef = 49B7DC4D106FF8940055D634 /* tagEventor.h */; };
		49B7DC5A106FF8940055D634 /* tagReader.c in Sources */ = {isa = PBXBuildFile; fileRef = 49B7DC4E106FF8940055D634 /* tagReader.c */; };
		49B7DC5B106FF8940055D634 /* tagReader.h in CopyFiles */ = {isa = PBXBuildFile; fileRef = 49B7DC4F106FF8940055D634 /* tagReader.h */; };
		8DD76FB00486AB0100D96B5E /* tagEventor.1 in CopyFiles */ = {isa = PBXBuildFile; fileRef = C6A0FF2C0290799A04C91782 /* tagEventor.1 */; };
/* End PBXBuildFile section */

/* Begin PBXCopyFilesBuildPhase section */
		8DD76FAF0486AB0100D96B5E /* CopyFiles */ = {
			isa = PBXCopyFilesBuildPhase;
			buildActionMask = 8;
			dstPath = /usr/share/man/man1/;
			dstSubfolderSpec = 0;
			files = (
				8DD76FB00486AB0100D96B5E /* tagEventor.1 in CopyFiles */,
				49B7DC51106FF8940055D634 /* aboutDialog.h in CopyFiles */,
				49B7DC53106FF8940055D634 /* controlPanel.h in CopyFiles */,
				49B7DC55106FF8940055D634 /* controlPanelHelp.h in CopyFiles */,
				49B7DC57106FF8940055D634 /* systemTray.h in CopyFiles */,
				49B7DC59106FF8940055D634 /* tagEventor.h in CopyFiles */,
				49B7DC5B106FF8940055D634 /* tagReader.h in CopyFiles */,
			);
			runOnlyForDeploymentPostprocessing = 1;
		};
/* End PBXCopyFilesBuildPhase section */

/* Begin PBXFileReference section */
		49A69844107015F000EDD796 /* PCSC.framework */ = {isa = PBXFileReference; lastKnownFileType = wrapper.framework; name = PCSC.framework; path = /System/Library/Frameworks/PCSC.framework; sourceTree = "<absolute>"; };
		49B7DC44106FF8940055D634 /* aboutDialog.c */ = {isa = PBXFileReference; fileEncoding = 30; lastKnownFileType = sourcecode.c.c; path = aboutDialog.c; sourceTree = "<group>"; };
		49B7DC45106FF8940055D634 /* aboutDialog.h */ = {isa = PBXFileReference; fileEncoding = 30; lastKnownFileType = sourcecode.c.h; path = aboutDialog.h; sourceTree = "<group>"; };
		49B7DC46106FF8940055D634 /* controlPanel.c */ = {isa = PBXFileReference; fileEncoding = 30; lastKnownFileType = sourcecode.c.c; path = controlPanel.c; sourceTree = "<group>"; };
		49B7DC47106FF8940055D634 /* controlPanel.h */ = {isa = PBXFileReference; fileEncoding = 30; lastKnownFileType = sourcecode.c.h; path = controlPanel.h; sourceTree = "<group>"; };
		49B7DC48106FF8940055D634 /* controlPanelHelp.c */ = {isa = PBXFileReference; fileEncoding = 30; lastKnownFileType = sourcecode.c.c; path = controlPanelHelp.c; sourceTree = "<group>"; };
		49B7DC49106FF8940055D634 /* controlPanelHelp.h */ = {isa = PBXFileReference; fileEncoding = 30; lastKnownFileType = sourcecode.c.h; path = controlPanelHelp.h; sourceTree = "<group>"; };
		49B7DC4A106FF8940055D634 /* systemTray.c */ = {isa = PBXFileReference; fileEncoding = 30; lastKnownFileType = sourcecode.c.c; path = systemTray.c; sourceTree = "<group>"; };
		49B7DC4B106FF8940055D634 /* systemTray.h */ = {isa = PBXFileReference; fileEncoding = 30; lastKnownFileType = sourcecode.c.h; path = systemTray.h; sourceTree = "<group>"; };
		49B7DC4C106FF8940055D634 /* tagEventor.c */ = {isa = PBXFileReference; fileEncoding = 30; lastKnownFileType = sourcecode.c.c; path = tagEventor.c; sourceTree = "<group>"; };
		49B7DC4D106FF8940055D634 /* tagEventor.h */ = {isa = PBXFileReference; fileEncoding = 30; lastKnownFileType = sourcecode.c.h; path = tagEventor.h; sourceTree = "<group>"; };
		49B7DC4E106FF8940055D634 /* tagReader.c */ = {isa = PBXFileReference; fileEncoding = 30; lastKnownFileType = sourcecode.c.c; path = tagReader.c; sourceTree = "<group>"; };
		49B7DC4F106FF8940055D634 /* tagReader.h */ = {isa = PBXFileReference; fileEncoding = 30; lastKnownFileType = sourcecode.c.h; path = tagReader.h; sourceTree = "<group>"; };
		8DD76FB20486AB0100D96B5E /* tagEventor */ = {isa = PBXFileReference; explicitFileType = "compiled.mach-o.executable"; includeInIndex = 0; path = tagEventor; sourceTree = BUILT_PRODUCTS_DIR; };
		C6A0FF2C0290799A04C91782 /* tagEventor.1 */ = {isa = PBXFileReference; lastKnownFileType = text.man; path = tagEventor.1; sourceTree = "<group>"; };
/* End PBXFileReference section */

/* Begin PBXFrameworksBuildPhase section */
		8DD76FAD0486AB0100D96B5E /* Frameworks */ = {
			isa = PBXFrameworksBuildPhase;
			buildActionMask = 2147483647;
			files = (
				49A69845107015F000EDD796 /* PCSC.framework in Frameworks */,
			);
			runOnlyForDeploymentPostprocessing = 0;
		};
/* End PBXFrameworksBuildPhase section */

/* Begin PBXGroup section */
		08FB7794FE84155DC02AAC07 /* tagEventor */ = {
			isa = PBXGroup;
			children = (
				49A69844107015F000EDD796 /* PCSC.framework */,
				08FB7795FE84155DC02AAC07 /* Source */,
				C6A0FF2B0290797F04C91782 /* Documentation */,
				1AB674ADFE9D54B511CA2CBB /* Products */,
			);
			name = tagEventor;
			sourceTree = "<group>";
		};
		08FB7795FE84155DC02AAC07 /* Source */ = {
			isa = PBXGroup;
			children = (
				49B7DC44106FF8940055D634 /* aboutDialog.c */,
				49B7DC45106FF8940055D634 /* aboutDialog.h */,
				49B7DC46106FF8940055D634 /* controlPanel.c */,
				49B7DC47106FF8940055D634 /* controlPanel.h */,
				49B7DC48106FF8940055D634 /* controlPanelHelp.c */,
				49B7DC49106FF8940055D634 /* controlPanelHelp.h */,
				49B7DC4A106FF8940055D634 /* systemTray.c */,
				49B7DC4B106FF8940055D634 /* systemTray.h */,
				49B7DC4C106FF8940055D634 /* tagEventor.c */,
				49B7DC4D106FF8940055D634 /* tagEventor.h */,
				49B7DC4E106FF8940055D634 /* tagReader.c */,
				49B7DC4F106FF8940055D634 /* tagReader.h */,
			);
			name = Source;
			sourceTree = "<group>";
		};
		1AB674ADFE9D54B511CA2CBB /* Products */ = {
			isa = PBXGroup;
			children = (
				8DD76FB20486AB0100D96B5E /* tagEventor */,
			);
			name = Products;
			sourceTree = "<group>";
		};
		C6A0FF2B0290797F04C91782 /* Documentation */ = {
			isa = PBXGroup;
			children = (
				C6A0FF2C0290799A04C91782 /* tagEventor.1 */,
			);
			name = Documentation;
			sourceTree = "<group>";
		};
/* End PBXGroup section */

/* Begin PBXNativeTarget section */
		8DD76FA90486AB0100D96B5E /* tagEventor */ = {
			isa = PBXNativeTarget;
			buildConfigurationList = D2E4517B10702EA100D08321 /* Build configuration list for PBXNativeTarget "tagEventor" */;
			buildPhases = (
				8DD76FAB0486AB0100D96B5E /* Sources */,
				8DD76FAD0486AB0100D96B5E /* Frameworks */,
				8DD76FAF0486AB0100D96B5E /* CopyFiles */,
			);
			buildRules = (
			);
			dependencies = (
			);
			name = tagEventor;
			productInstallPath = "$(HOME)/bin";
			productName = tagEventor;
			productReference = 8DD76FB20486AB0100D96B5E /* tagEventor */;
			productType = "com.apple.product-type.tool";
		};
/* End PBXNativeTarget section */

/* Begin PBXProject section */
		08FB7793FE84155DC02AAC07 /* Project object */ = {
			isa = PBXProject;
			buildConfigurationList = D2E4517A10702EA100D08321 /* Build configuration list for PBXProject "tagEventor" */;
			compatibilityVersion = "Xcode 2.4";
			hasScannedForEncodings = 1;
			mainGroup = 08FB7794FE84155DC02AAC07 /* tagEventor */;
			projectDirPath = "";
			projectRoot = "";
			targets = (
				8DD76FA90486AB0100D96B5E /* tagEventor */,
			);
		};
/* End PBXProject section */

/* Begin PBXSourcesBuildPhase section */
		8DD76FAB0486AB0100D96B5E /* Sources */ = {
			isa = PBXSourcesBuildPhase;
			buildActionMask = 2147483647;
			files = (
				49B7DC50106FF8940055D634 /* aboutDialog.c in Sources */,
				49B7DC52106FF8940055D634 /* controlPanel.c in Sources */,
				49B7DC54106FF8940055D634 /* controlPanelHelp.c in Sources */,
				49B7DC56106FF8940055D634 /* systemTray.c in Sources */,
				49B7DC58106FF8940055D634 /* tagEventor.c in Sources */,
				49B7DC5A106FF8940055D634 /* tagReader.c in Sources */,
			);
			runOnlyForDeploymentPostprocessing = 0;
		};
/* End PBXSourcesBuildPhase section */

/* Begin XCBuildConfiguration section */
		D2E4517410702EA100D08321 /* Development */ = {
			isa = XCBuildConfiguration;
			buildSettings = {
			};
			name = Development;
		};
		D2E4517510702EA100D08321 /* Deployment */ = {
			isa = XCBuildConfiguration;
			buildSettings = {
			};
			name = Deployment;
		};
		D2E4517610702EA100D08321 /* Default */ = {
			isa = XCBuildConfiguration;
			buildSettings = {
			};
			name = Default;
		};
		D2E4517710702EA100D08321 /* Development */ = {
			isa = XCBuildConfiguration;
			buildSettings = {
				COPY_PHASE_STRIP = NO;
				GCC_CW_ASM_SYNTAX = NO;
				GCC_DYNAMIC_NO_PIC = NO;
				GCC_ENABLE_FIX_AND_CONTINUE = YES;
				GCC_ENABLE_PASCAL_STRINGS = NO;
				GCC_GENERATE_DEBUGGING_SYMBOLS = YES;
				GCC_MODEL_TUNING = G5;
				GCC_OPTIMIZATION_LEVEL = 0;
				GCC_WARN_ABOUT_RETURN_TYPE = YES;
				GCC_WARN_UNUSED_FUNCTION = YES;
				GCC_WARN_UNUSED_VALUE = YES;
				GCC_WARN_UNUSED_VARIABLE = YES;
				INSTALL_PATH = "$(HOME)/bin";
				OBJROOT = obj/Debug;
				PREBINDING = NO;
				PRODUCT_NAME = tagEventor;
				SYMROOT = bin/Debug;
				ZERO_LINK = YES;
			};
			name = Development;
		};
		D2E4517810702EA100D08321 /* Deployment */ = {
			isa = XCBuildConfiguration;
			buildSettings = {
				COPY_PHASE_STRIP = YES;
				GCC_ENABLE_FIX_AND_CONTINUE = NO;
				GCC_GENERATE_DEBUGGING_SYMBOLS = NO;
				GCC_MODEL_TUNING = G5;
				GCC_WARN_ABOUT_RETURN_TYPE = YES;
				GCC_WARN_UNUSED_VARIABLE = YES;
				INSTALL_PATH = "$(HOME)/bin";
				OBJROOT = obj/Release;
				PREBINDING = NO;
				PRODUCT_NAME = tagEventor;
				SYMROOT = bin/Release;
				ZERO_LINK = NO;
			};
			name = Deployment;
		};
		D2E4517910702EA100D08321 /* Default */ = {
			isa = XCBuildConfiguration;
			buildSettings = {
				GCC_GENERATE_DEBUGGING_SYMBOLS = NO;
				GCC_MODEL_TUNING = G5;
				GCC_WARN_ABOUT_RETURN_TYPE = YES;
				GCC_WARN_UNUSED_VARIABLE = YES;
				INSTALL_PATH = "$(HOME)/bin";
				PREBINDING = NO;
				PRODUCT_NAME = tagEventor;
			};
			name = Default;
		};
/* End XCBuildConfiguration section */

/* Begin XCConfigurationList section */
		D2E4517A10702EA100D08321 /* Build configuration list for PBXProject "tagEventor" */ = {
			isa = XCConfigurationList;
			buildConfigurations = (
				D2E4517410702EA100D08321 /* Development */,
				D2E4517510702EA100D08321 /* Deployment */,
				D2E4517610702EA100D08321 /* Default */,
			);
			defaultConfigurationIsVisible = 0;
			defaultConfigurationName = Default;
		};
		D2E4517B10702EA100D08321 /* Build configuration list for PBXNativeTarget "tagEventor" */ = {
			isa = XCConfigurationList;
			buildConfigurations = (
				D2E4517710702EA100D08321 /* Development */,
				D2E4517810702EA100D08321 /* Deployment */,
				D2E4517910702EA100D08321 /* Default */,
			);
			defaultConfigurationIsVisible = 0;
			defaultConfigurationName = Default;
		};
/* End XCConfigurationList section */
	};
	rootObject = 08FB7793FE84155DC02AAC07 /* Project object */;
}
